field	value
repository	git@github.com:bio-ontology-research-group/empty-quarter-data-paper.git
commit	bda826c0d90549b426f5e0a5fd7bd11398ef3dca
file_manifest_sha256	31da9eb7cd96942067d046e41d5f8809b801be05a291cd2fe206fb28cb8d01a8
bulk_manifest_sha256	66c0a66ad2f15058828fbf915947f94c8264e486f5d8d729b3ad332a5c121631
release_manifest_sha256	cdc7710a0828d06c9b91c7c64e851dff33e2a165e89559824cab4d7ced1770ba
environment_lock_sha256	b10cf25f9bd92fb75a13c46ed71c2aaf6d4debd4f9faed3dc2a759bdd3617fa0
conda_explicit_lock_sha256	d3bdc7b6b0731126691d046eb8250622bad54b3fc5767cd6ab182208ad07923a
pip_overlay_lock_sha256	aa9a85ebbee6440d7c8eebc9a2e9234f8100b90724b4233bac33324ea623c3b9
workflow_sha256	500722d0e3c7d721eac378e7d9286e039f8b6e46b0e379025a848fc804524ece
