field	value
repository	git@github.com:bio-ontology-research-group/empty-quarter-data-paper.git
commit	b657df1b82812bfe1d84b37accb7d8cf7dd37878
file_manifest_sha256	c055616915f7df5f306651956393ce547293edf8a02072105778e82cc7c6843d
bulk_manifest_sha256	66c0a66ad2f15058828fbf915947f94c8264e486f5d8d729b3ad332a5c121631
release_manifest_sha256	56ccb8fd5f0388b3dcf5215190a05b9b376ce28ecff12baa5c70840404e545d1
environment_lock_sha256	b10cf25f9bd92fb75a13c46ed71c2aaf6d4debd4f9faed3dc2a759bdd3617fa0
conda_explicit_lock_sha256	d3bdc7b6b0731126691d046eb8250622bad54b3fc5767cd6ab182208ad07923a
pip_overlay_lock_sha256	aa9a85ebbee6440d7c8eebc9a2e9234f8100b90724b4233bac33324ea623c3b9
workflow_sha256	500722d0e3c7d721eac378e7d9286e039f8b6e46b0e379025a848fc804524ece
