field	value
repository	git@github.com:bio-ontology-research-group/empty-quarter-data-paper.git
commit	5a17782c1ec3c7d511bf5f8ae934086b950f6ae1
file_manifest_sha256	f3416f96aa088f4ed18911422ea294478aae7367a98c101452a45e7eaa5ca45e
bulk_manifest_sha256	66c0a66ad2f15058828fbf915947f94c8264e486f5d8d729b3ad332a5c121631
release_manifest_sha256	a61afc0aecc95de3b198c3070ef2014fb7d8ec99a328a8cebbb56f8522c22d58
environment_lock_sha256	b10cf25f9bd92fb75a13c46ed71c2aaf6d4debd4f9faed3dc2a759bdd3617fa0
conda_explicit_lock_sha256	d3bdc7b6b0731126691d046eb8250622bad54b3fc5767cd6ab182208ad07923a
pip_overlay_lock_sha256	aa9a85ebbee6440d7c8eebc9a2e9234f8100b90724b4233bac33324ea623c3b9
workflow_sha256	500722d0e3c7d721eac378e7d9286e039f8b6e46b0e379025a848fc804524ece
