field	value
repository	git@github.com:bio-ontology-research-group/empty-quarter-data-paper.git
commit	f6ffb0156e7436964815c9ee57ee018f2a63bc94
file_manifest_sha256	de1d567f0680fd9d50b21f0c8782e7b0852e20b0d95a10d62304191bdb5a5f9a
bulk_manifest_sha256	66c0a66ad2f15058828fbf915947f94c8264e486f5d8d729b3ad332a5c121631
release_manifest_sha256	df3ce336dfad05acbf5e75c3ae7ce419b458e301d20e680a77ed0cb36c6f9d07
environment_lock_sha256	b10cf25f9bd92fb75a13c46ed71c2aaf6d4debd4f9faed3dc2a759bdd3617fa0
conda_explicit_lock_sha256	d3bdc7b6b0731126691d046eb8250622bad54b3fc5767cd6ab182208ad07923a
pip_overlay_lock_sha256	aa9a85ebbee6440d7c8eebc9a2e9234f8100b90724b4233bac33324ea623c3b9
workflow_sha256	500722d0e3c7d721eac378e7d9286e039f8b6e46b0e379025a848fc804524ece
